
Microsoft Visual Studio Solution File, Format Version 12.00
# Visual Studio 15
Project("{FAE04EC0-301F-11D3-BF4B-00C04F79EFBC}") = "Assembly-CSharp", "Assembly-CSharp.csproj", "{5CC2C816-3C8E-6F2A-21DC-F8EFFC80F5AB}"
EndProject
Global
	GlobalSection(SolutionConfigurationPlatforms) = preSolution
		Debug|Any CPU = Debug|Any CPU
		Release|Any CPU = Release|Any CPU
	EndGlobalSection
	GlobalSection(ProjectConfigurationPlatforms) = postSolution
		{5CC2C816-3C8E-6F2A-21DC-F8EFFC80F5AB}.Debug|Any CPU.ActiveCfg = Debug|Any CPU
		{5CC2C816-3C8E-6F2A-21DC-F8EFFC80F5AB}.Debug|Any CPU.Build.0 = Debug|Any CPU
		{5CC2C816-3C8E-6F2A-21DC-F8EFFC80F5AB}.Release|Any CPU.ActiveCfg = Release|Any CPU
		{5CC2C816-3C8E-6F2A-21DC-F8EFFC80F5AB}.Release|Any CPU.Build.0 = Release|Any CPU
	EndGlobalSection
	GlobalSection(SolutionProperties) = preSolution
		HideSolutionNode = FALSE
	EndGlobalSection
EndGlobal
