
Microsoft Visual Studio Solution File, Format Version 12.00
# Visual Studio 15
Project("{FAE04EC0-301F-11D3-BF4B-00C04F79EFBC}") = "Assembly-CSharp", "Assembly-CSharp.csproj", "{D3FBC168-8372-BB9B-C37B-D048BF393706}"
EndProject
Global
	GlobalSection(SolutionConfigurationPlatforms) = preSolution
		Debug|Any CPU = Debug|Any CPU
		Release|Any CPU = Release|Any CPU
	EndGlobalSection
	GlobalSection(ProjectConfigurationPlatforms) = postSolution
		{D3FBC168-8372-BB9B-C37B-D048BF393706}.Debug|Any CPU.ActiveCfg = Debug|Any CPU
		{D3FBC168-8372-BB9B-C37B-D048BF393706}.Debug|Any CPU.Build.0 = Debug|Any CPU
		{D3FBC168-8372-BB9B-C37B-D048BF393706}.Release|Any CPU.ActiveCfg = Release|Any CPU
		{D3FBC168-8372-BB9B-C37B-D048BF393706}.Release|Any CPU.Build.0 = Release|Any CPU
	EndGlobalSection
	GlobalSection(SolutionProperties) = preSolution
		HideSolutionNode = FALSE
	EndGlobalSection
EndGlobal
